<?xml version="1.0" encoding="utf-8"?>
<Project ToolsVersion="4.0" xmlns="http://schemas.microsoft.com/developer/msbuild/2003">
  <ItemGroup>
    <ClCompile Include="AssertionsTests.cpp">
      <Filter>Source Files</Filter>
    </ClCompile>
    <ClCompile Include="pch.cpp">
      <Filter>Source Files</Filter>
    </ClCompile>
    <ClCompile Include="InputTests.cpp">
      <Filter>Source Files</Filter>
    </ClCompile>
    <ClCompile Include="HashingTests.cpp">
      <Filter>Source Files</Filter>
    </ClCompile>
    <ClCompile Include="Grid2dTests.cpp">
      <Filter>Source Files</Filter>
    </ClCompile>
    <ClCompile Include="Grid3dTests.cpp">
      <Filter>Source Files</Filter>
    </ClCompile>
    <ClCompile Include="Vector2dTests.cpp">
      <Filter>Source Files</Filter>
    </ClCompile>
    <ClCompile Include="Vector3dTests.cpp">
      <Filter>Source Files</Filter>
    </ClCompile>
    <ClCompile Include="Vector4dTests.cpp">
      <Filter>Source Files</Filter>
    </ClCompile>
    <ClCompile Include="OffsetGrid2dTests.cpp">
      <Filter>Source Files</Filter>
    </ClCompile>
    <ClCompile Include="OffsetGrid3dTests.cpp">
      <Filter>Source Files</Filter>
    </ClCompile>
  </ItemGroup>
  <ItemGroup>
    <Filter Include="Header Files">
      <UniqueIdentifier>{b6ec15ab-cd21-4bfb-9615-8ccf5b753372}</UniqueIdentifier>
    </Filter>
    <Filter Include="Source Files">
      <UniqueIdentifier>{98c42ecf-29cc-4898-a89e-1f3566f6f76b}</UniqueIdentifier>
    </Filter>
    <Filter Include="Input Files">
      <UniqueIdentifier>{6b7bd880-99c3-456b-92c7-79025e3389c8}</UniqueIdentifier>
    </Filter>
  </ItemGroup>
  <ItemGroup>
    <ClInclude Include="pch.h">
      <Filter>Header Files</Filter>
    </ClInclude>
  </ItemGroup>
  <ItemGroup>
    <None Include="packages.config" />
  </ItemGroup>
  <ItemGroup>
    <CopyFileToFolders Include="ReadAllLinesInFileTests.input">
      <Filter>Input Files</Filter>
    </CopyFileToFolders>
    <CopyFileToFolders Include="ReadAllLinesInFileAsGridTests.input">
      <Filter>Input Files</Filter>
    </CopyFileToFolders>
  </ItemGroup>
</Project>